
Microsoft Visual Studio Solution File, Format Version 12.00
# Visual Studio Version 16
VisualStudioVersion = 16.0.29123.88
MinimumVisualStudioVersion = 10.0.40219.1
Project("{FAE04EC0-301F-11D3-BF4B-00C04F79EFBC}") = "SorteadorR6_ArquivoTxt", "SorteadorR6_ArquivoTxt\SorteadorR6_ArquivoTxt.csproj", "{8D8EFD4B-6363-4828-9799-B30885CF3BD9}"
EndProject
Global
	GlobalSection(SolutionConfigurationPlatforms) = preSolution
		Debug|Any CPU = Debug|Any CPU
		Release|Any CPU = Release|Any CPU
	EndGlobalSection
	GlobalSection(ProjectConfigurationPlatforms) = postSolution
		{8D8EFD4B-6363-4828-9799-B30885CF3BD9}.Debug|Any CPU.ActiveCfg = Debug|Any CPU
		{8D8EFD4B-6363-4828-9799-B30885CF3BD9}.Debug|Any CPU.Build.0 = Debug|Any CPU
		{8D8EFD4B-6363-4828-9799-B30885CF3BD9}.Release|Any CPU.ActiveCfg = Release|Any CPU
		{8D8EFD4B-6363-4828-9799-B30885CF3BD9}.Release|Any CPU.Build.0 = Release|Any CPU
	EndGlobalSection
	GlobalSection(SolutionProperties) = preSolution
		HideSolutionNode = FALSE
	EndGlobalSection
	GlobalSection(ExtensibilityGlobals) = postSolution
		SolutionGuid = {941DAA3A-1E7E-4603-85A7-9270E6F0E517}
	EndGlobalSection
EndGlobal
